{
    "_readme": [
        "This file locks the dependencies of your project to a known state",
        "Read more about it at https://getcomposer.org/doc/01-basic-usage.md#installing-dependencies",
        "This file is @generated automatically"
    ],
    "content-hash": "1907ffc3e1d1fc28e033ec66d4861397",
    "packages": [
        {
            "name": "league/climate",
            "version": "3.5.2",
            "source": {
                "type": "git",
                "url": "https://github.com/thephpleague/climate.git",
                "reference": "6b53a28a58ad9f5f63042e291eb870cf0d02a9c9"
            },
            "dist": {
                "type": "zip",
                "url": "https://api.github.com/repos/thephpleague/climate/zipball/6b53a28a58ad9f5f63042e291eb870cf0d02a9c9",
                "reference": "6b53a28a58ad9f5f63042e291eb870cf0d02a9c9",
                "shasum": ""
            },
            "require": {
                "php": "^7.1",
                "psr/log": "^1.0",
                "seld/cli-prompt": "^1.0"
            },
            "require-dev": {
                "mikey179/vfsstream": "^1.4",
                "mockery/mockery": "^1.0",
                "phpunit/phpunit": "^5.7.16"
            },
            "suggest": {
                "ext-mbstring": "If ext-mbstring is not available you MUST install symfony/polyfill-mbstring"
            },
            "type": "library",
            "autoload": {
                "psr-4": {
                    "League\\CLImate\\": "src/"
                }
            },
            "notification-url": "https://packagist.org/downloads/",
            "license": [
                "MIT"
            ],
            "authors": [
                {
                    "name": "Joe Tannenbaum",
                    "email": "hey@joe.codes",
                    "homepage": "http://joe.codes/",
                    "role": "Developer"
                },
                {
                    "name": "Craig Duncan",
                    "email": "git@duncanc.co.uk",
                    "homepage": "https://github.com/duncan3dc",
                    "role": "Developer"
                }
            ],
            "description": "PHP's best friend for the terminal. CLImate allows you to easily output colored text, special formats, and more.",
            "keywords": [
                "cli",
                "colors",
                "command",
                "php",
                "terminal"
            ],
            "time": "2019-12-01T15:25:43+00:00"
        },
        {
            "name": "league/flysystem",
            "version": "1.0.67",
            "source": {
                "type": "git",
                "url": "https://github.com/thephpleague/flysystem.git",
                "reference": "5b1f36c75c4bdde981294c2a0ebdb437ee6f275e"
            },
            "dist": {
                "type": "zip",
                "url": "https://api.github.com/repos/thephpleague/flysystem/zipball/5b1f36c75c4bdde981294c2a0ebdb437ee6f275e",
                "reference": "5b1f36c75c4bdde981294c2a0ebdb437ee6f275e",
                "shasum": ""
            },
            "require": {
                "ext-fileinfo": "*",
                "php": ">=5.5.9"
            },
            "conflict": {
                "league/flysystem-sftp": "<1.0.6"
            },
            "require-dev": {
                "phpspec/phpspec": "^3.4",
                "phpunit/phpunit": "^5.7.26"
            },
            "suggest": {
                "ext-fileinfo": "Required for MimeType",
                "ext-ftp": "Allows you to use FTP server storage",
                "ext-openssl": "Allows you to use FTPS server storage",
                "league/flysystem-aws-s3-v2": "Allows you to use S3 storage with AWS SDK v2",
                "league/flysystem-aws-s3-v3": "Allows you to use S3 storage with AWS SDK v3",
                "league/flysystem-azure": "Allows you to use Windows Azure Blob storage",
                "league/flysystem-cached-adapter": "Flysystem adapter decorator for metadata caching",
                "league/flysystem-eventable-filesystem": "Allows you to use EventableFilesystem",
                "league/flysystem-rackspace": "Allows you to use Rackspace Cloud Files",
                "league/flysystem-sftp": "Allows you to use SFTP server storage via phpseclib",
                "league/flysystem-webdav": "Allows you to use WebDAV storage",
                "league/flysystem-ziparchive": "Allows you to use ZipArchive adapter",
                "spatie/flysystem-dropbox": "Allows you to use Dropbox storage",
                "srmklive/flysystem-dropbox-v2": "Allows you to use Dropbox storage for PHP 5 applications"
            },
            "type": "library",
            "extra": {
                "branch-alias": {
                    "dev-master": "1.1-dev"
                }
            },
            "autoload": {
                "psr-4": {
                    "League\\Flysystem\\": "src/"
                }
            },
            "notification-url": "https://packagist.org/downloads/",
            "license": [
                "MIT"
            ],
            "authors": [
                {
                    "name": "Frank de Jonge",
                    "email": "info@frenky.net"
                }
            ],
            "description": "Filesystem abstraction: Many filesystems, one API.",
            "keywords": [
                "Cloud Files",
                "WebDAV",
                "abstraction",
                "aws",
                "cloud",
                "copy.com",
                "dropbox",
                "file systems",
                "files",
                "filesystem",
                "filesystems",
                "ftp",
                "rackspace",
                "remote",
                "s3",
                "sftp",
                "storage"
            ],
            "time": "2020-04-16T13:21:26+00:00"
        },
        {
            "name": "league/flysystem-ziparchive",
            "version": "1.0.3",
            "source": {
                "type": "git",
                "url": "https://github.com/thephpleague/flysystem-ziparchive.git",
                "reference": "c6d7c7ea23a57ee802d533ab9eb9f19dd5c5fc45"
            },
            "dist": {
                "type": "zip",
                "url": "https://api.github.com/repos/thephpleague/flysystem-ziparchive/zipball/c6d7c7ea23a57ee802d533ab9eb9f19dd5c5fc45",
                "reference": "c6d7c7ea23a57ee802d533ab9eb9f19dd5c5fc45",
                "shasum": ""
            },
            "require": {
                "ext-zip": "*",
                "league/flysystem": "~1.0",
                "php": ">=5.4.0"
            },
            "require-dev": {
                "mockery/mockery": "0.9.*",
                "phpunit/phpunit": "~4.0"
            },
            "type": "library",
            "extra": {
                "branch-alias": {
                    "dev-master": "1.0-dev"
                }
            },
            "autoload": {
                "psr-4": {
                    "League\\Flysystem\\ZipArchive\\": "src/"
                }
            },
            "notification-url": "https://packagist.org/downloads/",
            "license": [
                "MIT"
            ],
            "authors": [
                {
                    "name": "Frank de Jonge",
                    "email": "info@frenky.net"
                }
            ],
            "description": "Flysystem adapter for ZipArchive's",
            "time": "2016-12-20T08:36:16+00:00"
        },
        {
            "name": "mustache/mustache",
            "version": "v2.13.0",
            "source": {
                "type": "git",
                "url": "https://github.com/bobthecow/mustache.php.git",
                "reference": "e95c5a008c23d3151d59ea72484d4f72049ab7f4"
            },
            "dist": {
                "type": "zip",
                "url": "https://api.github.com/repos/bobthecow/mustache.php/zipball/e95c5a008c23d3151d59ea72484d4f72049ab7f4",
                "reference": "e95c5a008c23d3151d59ea72484d4f72049ab7f4",
                "shasum": ""
            },
            "require": {
                "php": ">=5.2.4"
            },
            "require-dev": {
                "friendsofphp/php-cs-fixer": "~1.11",
                "phpunit/phpunit": "~3.7|~4.0|~5.0"
            },
            "type": "library",
            "autoload": {
                "psr-0": {
                    "Mustache": "src/"
                }
            },
            "notification-url": "https://packagist.org/downloads/",
            "license": [
                "MIT"
            ],
            "authors": [
                {
                    "name": "Justin Hileman",
                    "email": "justin@justinhileman.info",
                    "homepage": "http://justinhileman.com"
                }
            ],
            "description": "A Mustache implementation in PHP.",
            "homepage": "https://github.com/bobthecow/mustache.php",
            "keywords": [
                "mustache",
                "templating"
            ],
            "time": "2019-11-23T21:40:31+00:00"
        },
        {
            "name": "phpoption/phpoption",
            "version": "1.7.3",
            "source": {
                "type": "git",
                "url": "https://github.com/schmittjoh/php-option.git",
                "reference": "4acfd6a4b33a509d8c88f50e5222f734b6aeebae"
            },
            "dist": {
                "type": "zip",
                "url": "https://api.github.com/repos/schmittjoh/php-option/zipball/4acfd6a4b33a509d8c88f50e5222f734b6aeebae",
                "reference": "4acfd6a4b33a509d8c88f50e5222f734b6aeebae",
                "shasum": ""
            },
            "require": {
                "php": "^5.5.9 || ^7.0 || ^8.0"
            },
            "require-dev": {
                "bamarni/composer-bin-plugin": "^1.3",
                "phpunit/phpunit": "^4.8.35 || ^5.0 || ^6.0 || ^7.0"
            },
            "type": "library",
            "extra": {
                "branch-alias": {
                    "dev-master": "1.7-dev"
                }
            },
            "autoload": {
                "psr-4": {
                    "PhpOption\\": "src/PhpOption/"
                }
            },
            "notification-url": "https://packagist.org/downloads/",
            "license": [
                "Apache-2.0"
            ],
            "authors": [
                {
                    "name": "Johannes M. Schmitt",
                    "email": "schmittjoh@gmail.com"
                },
                {
                    "name": "Graham Campbell",
                    "email": "graham@alt-three.com"
                }
            ],
            "description": "Option Type for PHP",
            "keywords": [
                "language",
                "option",
                "php",
                "type"
            ],
            "time": "2020-03-21T18:07:53+00:00"
        },
        {
            "name": "psr/log",
            "version": "1.1.3",
            "source": {
                "type": "git",
                "url": "https://github.com/php-fig/log.git",
                "reference": "0f73288fd15629204f9d42b7055f72dacbe811fc"
            },
            "dist": {
                "type": "zip",
                "url": "https://api.github.com/repos/php-fig/log/zipball/0f73288fd15629204f9d42b7055f72dacbe811fc",
                "reference": "0f73288fd15629204f9d42b7055f72dacbe811fc",
                "shasum": ""
            },
            "require": {
                "php": ">=5.3.0"
            },
            "type": "library",
            "extra": {
                "branch-alias": {
                    "dev-master": "1.1.x-dev"
                }
            },
            "autoload": {
                "psr-4": {
                    "Psr\\Log\\": "Psr/Log/"
                }
            },
            "notification-url": "https://packagist.org/downloads/",
            "license": [
                "MIT"
            ],
            "authors": [
                {
                    "name": "PHP-FIG",
                    "homepage": "http://www.php-fig.org/"
                }
            ],
            "description": "Common interface for logging libraries",
            "homepage": "https://github.com/php-fig/log",
            "keywords": [
                "log",
                "psr",
                "psr-3"
            ],
            "time": "2020-03-23T09:12:05+00:00"
        },
        {
            "name": "seld/cli-prompt",
            "version": "1.0.3",
            "source": {
                "type": "git",
                "url": "https://github.com/Seldaek/cli-prompt.git",
                "reference": "a19a7376a4689d4d94cab66ab4f3c816019ba8dd"
            },
            "dist": {
                "type": "zip",
                "url": "https://api.github.com/repos/Seldaek/cli-prompt/zipball/a19a7376a4689d4d94cab66ab4f3c816019ba8dd",
                "reference": "a19a7376a4689d4d94cab66ab4f3c816019ba8dd",
                "shasum": ""
            },
            "require": {
                "php": ">=5.3"
            },
            "type": "library",
            "extra": {
                "branch-alias": {
                    "dev-master": "1.x-dev"
                }
            },
            "autoload": {
                "psr-4": {
                    "Seld\\CliPrompt\\": "src/"
                }
            },
            "notification-url": "https://packagist.org/downloads/",
            "license": [
                "MIT"
            ],
            "authors": [
                {
                    "name": "Jordi Boggiano",
                    "email": "j.boggiano@seld.be"
                }
            ],
            "description": "Allows you to prompt for user input on the command line, and optionally hide the characters they type",
            "keywords": [
                "cli",
                "console",
                "hidden",
                "input",
                "prompt"
            ],
            "time": "2017-03-18T11:32:45+00:00"
        },
        {
            "name": "symfony/polyfill-ctype",
            "version": "v1.15.0",
            "source": {
                "type": "git",
                "url": "https://github.com/symfony/polyfill-ctype.git",
                "reference": "4719fa9c18b0464d399f1a63bf624b42b6fa8d14"
            },
            "dist": {
                "type": "zip",
                "url": "https://api.github.com/repos/symfony/polyfill-ctype/zipball/4719fa9c18b0464d399f1a63bf624b42b6fa8d14",
                "reference": "4719fa9c18b0464d399f1a63bf624b42b6fa8d14",
                "shasum": ""
            },
            "require": {
                "php": ">=5.3.3"
            },
            "suggest": {
                "ext-ctype": "For best performance"
            },
            "type": "library",
            "extra": {
                "branch-alias": {
                    "dev-master": "1.15-dev"
                }
            },
            "autoload": {
                "psr-4": {
                    "Symfony\\Polyfill\\Ctype\\": ""
                },
                "files": [
                    "bootstrap.php"
                ]
            },
            "notification-url": "https://packagist.org/downloads/",
            "license": [
                "MIT"
            ],
            "authors": [
                {
                    "name": "Gert de Pagter",
                    "email": "BackEndTea@gmail.com"
                },
                {
                    "name": "Symfony Community",
                    "homepage": "https://symfony.com/contributors"
                }
            ],
            "description": "Symfony polyfill for ctype functions",
            "homepage": "https://symfony.com",
            "keywords": [
                "compatibility",
                "ctype",
                "polyfill",
                "portable"
            ],
            "time": "2020-02-27T09:26:54+00:00"
        },
        {
            "name": "vlucas/phpdotenv",
            "version": "v4.1.4",
            "source": {
                "type": "git",
                "url": "https://github.com/vlucas/phpdotenv.git",
                "reference": "feb6dad5ae24b1380827aee1629b730080fde500"
            },
            "dist": {
                "type": "zip",
                "url": "https://api.github.com/repos/vlucas/phpdotenv/zipball/feb6dad5ae24b1380827aee1629b730080fde500",
                "reference": "feb6dad5ae24b1380827aee1629b730080fde500",
                "shasum": ""
            },
            "require": {
                "php": "^5.5.9 || ^7.0",
                "phpoption/phpoption": "^1.7.2",
                "symfony/polyfill-ctype": "^1.9"
            },
            "require-dev": {
                "bamarni/composer-bin-plugin": "^1.3",
                "ext-filter": "*",
                "ext-pcre": "*",
                "phpunit/phpunit": "^4.8.35 || ^5.0 || ^6.0 || ^7.0"
            },
            "suggest": {
                "ext-filter": "Required to use the boolean validator.",
                "ext-pcre": "Required to use most of the library."
            },
            "type": "library",
            "extra": {
                "branch-alias": {
                    "dev-master": "4.1-dev"
                }
            },
            "autoload": {
                "psr-4": {
                    "Dotenv\\": "src/"
                }
            },
            "notification-url": "https://packagist.org/downloads/",
            "license": [
                "BSD-3-Clause"
            ],
            "authors": [
                {
                    "name": "Graham Campbell",
                    "email": "graham@alt-three.com",
                    "homepage": "https://gjcampbell.co.uk/"
                },
                {
                    "name": "Vance Lucas",
                    "email": "vance@vancelucas.com",
                    "homepage": "https://vancelucas.com/"
                }
            ],
            "description": "Loads environment variables from `.env` to `getenv()`, `$_ENV` and `$_SERVER` automagically.",
            "keywords": [
                "dotenv",
                "env",
                "environment"
            ],
            "time": "2020-04-12T15:20:09+00:00"
        }
    ],
    "packages-dev": [
        {
            "name": "bluehost/wp-php-standards",
            "version": "1.1",
            "source": {
                "type": "git",
                "url": "https://github.com/bluehost/wp-php-standards.git",
                "reference": "79ec6b87d61893b89c731ced540f8d9bb48c9fa2"
            },
            "dist": {
                "type": "zip",
                "url": "https://api.github.com/repos/bluehost/wp-php-standards/zipball/79ec6b87d61893b89c731ced540f8d9bb48c9fa2",
                "reference": "79ec6b87d61893b89c731ced540f8d9bb48c9fa2",
                "shasum": ""
            },
            "require": {
                "dealerdirect/phpcodesniffer-composer-installer": "@stable",
                "phpcompatibility/phpcompatibility-wp": "@stable",
                "squizlabs/php_codesniffer": "@stable",
                "wp-coding-standards/wpcs": "@stable"
            },
            "type": "phpcodesniffer-standard",
            "license": [
                "GPL-2.0-or-later"
            ],
            "authors": [
                {
                    "name": "Micah Wood",
                    "email": "micah@wpscholar.com"
                }
            ],
            "description": "PHP Code Sniffer Standards for Bluehost WordPress projects.",
            "support": {
                "source": "https://github.com/bluehost/wp-php-standards/tree/1.1",
                "issues": "https://github.com/bluehost/wp-php-standards/issues"
            },
            "time": "2019-06-12T17:45:32+00:00"
        },
        {
            "name": "dealerdirect/phpcodesniffer-composer-installer",
            "version": "v0.6.2",
            "source": {
                "type": "git",
                "url": "https://github.com/Dealerdirect/phpcodesniffer-composer-installer.git",
                "reference": "8001af8eb107fbfcedc31a8b51e20b07d85b457a"
            },
            "dist": {
                "type": "zip",
                "url": "https://api.github.com/repos/Dealerdirect/phpcodesniffer-composer-installer/zipball/8001af8eb107fbfcedc31a8b51e20b07d85b457a",
                "reference": "8001af8eb107fbfcedc31a8b51e20b07d85b457a",
                "shasum": ""
            },
            "require": {
                "composer-plugin-api": "^1.0",
                "php": "^5.3|^7",
                "squizlabs/php_codesniffer": "^2|^3"
            },
            "require-dev": {
                "composer/composer": "*",
                "phpcompatibility/php-compatibility": "^9.0",
                "sensiolabs/security-checker": "^4.1.0"
            },
            "type": "composer-plugin",
            "extra": {
                "class": "Dealerdirect\\Composer\\Plugin\\Installers\\PHPCodeSniffer\\Plugin"
            },
            "autoload": {
                "psr-4": {
                    "Dealerdirect\\Composer\\Plugin\\Installers\\PHPCodeSniffer\\": "src/"
                }
            },
            "notification-url": "https://packagist.org/downloads/",
            "license": [
                "MIT"
            ],
            "authors": [
                {
                    "name": "Franck Nijhof",
                    "email": "franck.nijhof@dealerdirect.com",
                    "homepage": "http://www.frenck.nl",
                    "role": "Developer / IT Manager"
                }
            ],
            "description": "PHP_CodeSniffer Standards Composer Installer Plugin",
            "homepage": "http://www.dealerdirect.com",
            "keywords": [
                "PHPCodeSniffer",
                "PHP_CodeSniffer",
                "code quality",
                "codesniffer",
                "composer",
                "installer",
                "phpcs",
                "plugin",
                "qa",
                "quality",
                "standard",
                "standards",
                "style guide",
                "stylecheck",
                "tests"
            ],
            "time": "2020-01-29T20:22:20+00:00"
        },
        {
            "name": "phpcompatibility/php-compatibility",
            "version": "9.3.5",
            "source": {
                "type": "git",
                "url": "https://github.com/PHPCompatibility/PHPCompatibility.git",
                "reference": "9fb324479acf6f39452e0655d2429cc0d3914243"
            },
            "dist": {
                "type": "zip",
                "url": "https://api.github.com/repos/PHPCompatibility/PHPCompatibility/zipball/9fb324479acf6f39452e0655d2429cc0d3914243",
                "reference": "9fb324479acf6f39452e0655d2429cc0d3914243",
                "shasum": ""
            },
            "require": {
                "php": ">=5.3",
                "squizlabs/php_codesniffer": "^2.3 || ^3.0.2"
            },
            "conflict": {
                "squizlabs/php_codesniffer": "2.6.2"
            },
            "require-dev": {
                "phpunit/phpunit": "~4.5 || ^5.0 || ^6.0 || ^7.0"
            },
            "suggest": {
                "dealerdirect/phpcodesniffer-composer-installer": "^0.5 || This Composer plugin will sort out the PHPCS 'installed_paths' automatically.",
                "roave/security-advisories": "dev-master || Helps prevent installing dependencies with known security issues."
            },
            "type": "phpcodesniffer-standard",
            "notification-url": "https://packagist.org/downloads/",
            "license": [
                "LGPL-3.0-or-later"
            ],
            "authors": [
                {
                    "name": "Wim Godden",
                    "homepage": "https://github.com/wimg",
                    "role": "lead"
                },
                {
                    "name": "Juliette Reinders Folmer",
                    "homepage": "https://github.com/jrfnl",
                    "role": "lead"
                },
                {
                    "name": "Contributors",
                    "homepage": "https://github.com/PHPCompatibility/PHPCompatibility/graphs/contributors"
                }
            ],
            "description": "A set of sniffs for PHP_CodeSniffer that checks for PHP cross-version compatibility.",
            "homepage": "http://techblog.wimgodden.be/tag/codesniffer/",
            "keywords": [
                "compatibility",
                "phpcs",
                "standards"
            ],
            "time": "2019-12-27T09:44:58+00:00"
        },
        {
            "name": "phpcompatibility/phpcompatibility-paragonie",
            "version": "1.3.0",
            "source": {
                "type": "git",
                "url": "https://github.com/PHPCompatibility/PHPCompatibilityParagonie.git",
                "reference": "b862bc32f7e860d0b164b199bd995e690b4b191c"
            },
            "dist": {
                "type": "zip",
                "url": "https://api.github.com/repos/PHPCompatibility/PHPCompatibilityParagonie/zipball/b862bc32f7e860d0b164b199bd995e690b4b191c",
                "reference": "b862bc32f7e860d0b164b199bd995e690b4b191c",
                "shasum": ""
            },
            "require": {
                "phpcompatibility/php-compatibility": "^9.0"
            },
            "require-dev": {
                "dealerdirect/phpcodesniffer-composer-installer": "^0.5",
                "paragonie/random_compat": "dev-master",
                "paragonie/sodium_compat": "dev-master"
            },
            "suggest": {
                "dealerdirect/phpcodesniffer-composer-installer": "^0.5 || This Composer plugin will sort out the PHP_CodeSniffer 'installed_paths' automatically.",
                "roave/security-advisories": "dev-master || Helps prevent installing dependencies with known security issues."
            },
            "type": "phpcodesniffer-standard",
            "notification-url": "https://packagist.org/downloads/",
            "license": [
                "LGPL-3.0-or-later"
            ],
            "authors": [
                {
                    "name": "Wim Godden",
                    "role": "lead"
                },
                {
                    "name": "Juliette Reinders Folmer",
                    "role": "lead"
                }
            ],
            "description": "A set of rulesets for PHP_CodeSniffer to check for PHP cross-version compatibility issues in projects, while accounting for polyfills provided by the Paragonie polyfill libraries.",
            "homepage": "http://phpcompatibility.com/",
            "keywords": [
                "compatibility",
                "paragonie",
                "phpcs",
                "polyfill",
                "standards"
            ],
            "time": "2019-11-04T15:17:54+00:00"
        },
        {
            "name": "phpcompatibility/phpcompatibility-wp",
            "version": "2.1.0",
            "source": {
                "type": "git",
                "url": "https://github.com/PHPCompatibility/PHPCompatibilityWP.git",
                "reference": "41bef18ba688af638b7310666db28e1ea9158b2f"
            },
            "dist": {
                "type": "zip",
                "url": "https://api.github.com/repos/PHPCompatibility/PHPCompatibilityWP/zipball/41bef18ba688af638b7310666db28e1ea9158b2f",
                "reference": "41bef18ba688af638b7310666db28e1ea9158b2f",
                "shasum": ""
            },
            "require": {
                "phpcompatibility/php-compatibility": "^9.0",
                "phpcompatibility/phpcompatibility-paragonie": "^1.0"
            },
            "require-dev": {
                "dealerdirect/phpcodesniffer-composer-installer": "^0.5"
            },
            "suggest": {
                "dealerdirect/phpcodesniffer-composer-installer": "^0.5 || This Composer plugin will sort out the PHP_CodeSniffer 'installed_paths' automatically.",
                "roave/security-advisories": "dev-master || Helps prevent installing dependencies with known security issues."
            },
            "type": "phpcodesniffer-standard",
            "notification-url": "https://packagist.org/downloads/",
            "license": [
                "LGPL-3.0-or-later"
            ],
            "authors": [
                {
                    "name": "Wim Godden",
                    "role": "lead"
                },
                {
                    "name": "Juliette Reinders Folmer",
                    "role": "lead"
                }
            ],
            "description": "A ruleset for PHP_CodeSniffer to check for PHP cross-version compatibility issues in projects, while accounting for polyfills provided by WordPress.",
            "homepage": "http://phpcompatibility.com/",
            "keywords": [
                "compatibility",
                "phpcs",
                "standards",
                "wordpress"
            ],
            "time": "2019-08-28T14:22:28+00:00"
        },
        {
            "name": "squizlabs/php_codesniffer",
            "version": "3.5.5",
            "source": {
                "type": "git",
                "url": "https://github.com/squizlabs/PHP_CodeSniffer.git",
                "reference": "73e2e7f57d958e7228fce50dc0c61f58f017f9f6"
            },
            "dist": {
                "type": "zip",
                "url": "https://api.github.com/repos/squizlabs/PHP_CodeSniffer/zipball/73e2e7f57d958e7228fce50dc0c61f58f017f9f6",
                "reference": "73e2e7f57d958e7228fce50dc0c61f58f017f9f6",
                "shasum": ""
            },
            "require": {
                "ext-simplexml": "*",
                "ext-tokenizer": "*",
                "ext-xmlwriter": "*",
                "php": ">=5.4.0"
            },
            "require-dev": {
                "phpunit/phpunit": "^4.0 || ^5.0 || ^6.0 || ^7.0"
            },
            "bin": [
                "bin/phpcs",
                "bin/phpcbf"
            ],
            "type": "library",
            "extra": {
                "branch-alias": {
                    "dev-master": "3.x-dev"
                }
            },
            "notification-url": "https://packagist.org/downloads/",
            "license": [
                "BSD-3-Clause"
            ],
            "authors": [
                {
                    "name": "Greg Sherwood",
                    "role": "lead"
                }
            ],
            "description": "PHP_CodeSniffer tokenizes PHP, JavaScript and CSS files and detects violations of a defined set of coding standards.",
            "homepage": "https://github.com/squizlabs/PHP_CodeSniffer",
            "keywords": [
                "phpcs",
                "standards"
            ],
            "time": "2020-04-17T01:09:41+00:00"
        },
        {
            "name": "wp-coding-standards/wpcs",
            "version": "2.2.1",
            "source": {
                "type": "git",
                "url": "https://github.com/WordPress/WordPress-Coding-Standards.git",
                "reference": "b5a453203114cc2284b1a614c4953456fbe4f546"
            },
            "dist": {
                "type": "zip",
                "url": "https://api.github.com/repos/WordPress/WordPress-Coding-Standards/zipball/b5a453203114cc2284b1a614c4953456fbe4f546",
                "reference": "b5a453203114cc2284b1a614c4953456fbe4f546",
                "shasum": ""
            },
            "require": {
                "php": ">=5.4",
                "squizlabs/php_codesniffer": "^3.3.1"
            },
            "require-dev": {
                "dealerdirect/phpcodesniffer-composer-installer": "^0.5 || ^0.6",
                "phpcompatibility/php-compatibility": "^9.0",
                "phpunit/phpunit": "^4.0 || ^5.0 || ^6.0 || ^7.0"
            },
            "suggest": {
                "dealerdirect/phpcodesniffer-composer-installer": "^0.6 || This Composer plugin will sort out the PHPCS 'installed_paths' automatically."
            },
            "type": "phpcodesniffer-standard",
            "notification-url": "https://packagist.org/downloads/",
            "license": [
                "MIT"
            ],
            "authors": [
                {
                    "name": "Contributors",
                    "homepage": "https://github.com/WordPress/WordPress-Coding-Standards/graphs/contributors"
                }
            ],
            "description": "PHP_CodeSniffer rules (sniffs) to enforce WordPress coding conventions",
            "keywords": [
                "phpcs",
                "standards",
                "wordpress"
            ],
            "time": "2020-02-04T02:52:06+00:00"
        }
    ],
    "aliases": [],
    "minimum-stability": "stable",
    "stability-flags": [],
    "prefer-stable": false,
    "prefer-lowest": false,
    "platform": [],
    "platform-dev": []
}
